
Microsoft Visual Studio Solution File, Format Version 12.00
# Visual Studio Version 16
VisualStudioVersion = 16.0.33214.272
MinimumVisualStudioVersion = 10.0.40219.1
Project("{FAE04EC0-301F-11D3-BF4B-00C04F79EFBC}") = "ApiClinicaDrSela", "src\ApiClinicaDrSela\ApiClinicaDrSela.csproj", "{93715029-79C1-4896-9B16-AC61DA19ACB0}"
EndProject
Project("{FAE04EC0-301F-11D3-BF4B-00C04F79EFBC}") = "BusinessClinicaDrSela", "src\BusinessClinicaDrSela\BusinessClinicaDrSela.csproj", "{4D5D14AA-31C8-4A1B-8704-75DAFA38CBD5}"
EndProject
Project("{FAE04EC0-301F-11D3-BF4B-00C04F79EFBC}") = "DataClinicaDrSela", "src\DataClinicaDrSela\DataClinicaDrSela.csproj", "{F228A423-07E5-496A-B7C6-BC1ADEA90356}"
EndProject
Global
	GlobalSection(SolutionConfigurationPlatforms) = preSolution
		Debug|Any CPU = Debug|Any CPU
		Release|Any CPU = Release|Any CPU
	EndGlobalSection
	GlobalSection(ProjectConfigurationPlatforms) = postSolution
		{93715029-79C1-4896-9B16-AC61DA19ACB0}.Debug|Any CPU.ActiveCfg = Debug|Any CPU
		{93715029-79C1-4896-9B16-AC61DA19ACB0}.Debug|Any CPU.Build.0 = Debug|Any CPU
		{93715029-79C1-4896-9B16-AC61DA19ACB0}.Release|Any CPU.ActiveCfg = Release|Any CPU
		{93715029-79C1-4896-9B16-AC61DA19ACB0}.Release|Any CPU.Build.0 = Release|Any CPU
		{4D5D14AA-31C8-4A1B-8704-75DAFA38CBD5}.Debug|Any CPU.ActiveCfg = Debug|Any CPU
		{4D5D14AA-31C8-4A1B-8704-75DAFA38CBD5}.Debug|Any CPU.Build.0 = Debug|Any CPU
		{4D5D14AA-31C8-4A1B-8704-75DAFA38CBD5}.Release|Any CPU.ActiveCfg = Release|Any CPU
		{4D5D14AA-31C8-4A1B-8704-75DAFA38CBD5}.Release|Any CPU.Build.0 = Release|Any CPU
		{F228A423-07E5-496A-B7C6-BC1ADEA90356}.Debug|Any CPU.ActiveCfg = Debug|Any CPU
		{F228A423-07E5-496A-B7C6-BC1ADEA90356}.Debug|Any CPU.Build.0 = Debug|Any CPU
		{F228A423-07E5-496A-B7C6-BC1ADEA90356}.Release|Any CPU.ActiveCfg = Release|Any CPU
		{F228A423-07E5-496A-B7C6-BC1ADEA90356}.Release|Any CPU.Build.0 = Release|Any CPU
	EndGlobalSection
	GlobalSection(SolutionProperties) = preSolution
		HideSolutionNode = FALSE
	EndGlobalSection
	GlobalSection(ExtensibilityGlobals) = postSolution
		SolutionGuid = {38B477EE-0EA4-4189-A286-43A5484F1860}
	EndGlobalSection
EndGlobal
